schema: '2.0'
stages:
  evaluate_model:
    cmd: python scripts/evaluate.py
    deps:
    - path: models/fitted_model.pkl
      hash: md5
    - path: scripts/evaluate.py
      hash: md5
    outs:
    - path: cv_results/cv_res.json
      hash: md5
      size: 95
      cloud:
        my_storage:
          etag: f74bab9e4b0e107c0bcc102adba726b6
          version_id: 0006308EB6DA17FD
  fit_model:
    cmd: python scripts/fit.py
    deps:
    - path: data/initial_data.csv
      hash: md5
    - path: scripts/fit.py
      hash: md5
    outs:
    - path: models/fitted_model.pkl
      hash: md5
      size: 10558
      cloud:
        my_storage:
          etag: 7f3a53e947547bfa9647c017ee38fffd
          version_id: 00063099AD5F626E
  get_data:
    cmd: python scripts/data.py
    deps:
    - path: scripts/data.py
      hash: md5
      md5: 6724540c91f389d6aa8f01913b928db1
      size: 1494
    params:
      params.yaml:
        index_col: customer_id
    outs:
    - path: data/initial_data.csv
      hash: md5
      md5: 0b17870b33ee324a759a1a2596609b4a
      size: 822095
      cloud:
        my_storage:
          etag: 0b17870b33ee324a759a1a2596609b4a
          version_id: 0006309CFBDD1566
